
Microsoft Visual Studio Solution File, Format Version 12.00
# Visual Studio Version 17
VisualStudioVersion = 17.11.35222.181
MinimumVisualStudioVersion = 10.0.40219.1
Project("{FAE04EC0-301F-11D3-BF4B-00C04F79EFBC}") = "Exercice-11", "Exercice-11\Exercice-11.csproj", "{3F9409BA-3B33-4117-8765-91F3955EC90C}"
EndProject
Global
	GlobalSection(SolutionConfigurationPlatforms) = preSolution
		Debug|Any CPU = Debug|Any CPU
		Release|Any CPU = Release|Any CPU
	EndGlobalSection
	GlobalSection(ProjectConfigurationPlatforms) = postSolution
		{3F9409BA-3B33-4117-8765-91F3955EC90C}.Debug|Any CPU.ActiveCfg = Debug|Any CPU
		{3F9409BA-3B33-4117-8765-91F3955EC90C}.Debug|Any CPU.Build.0 = Debug|Any CPU
		{3F9409BA-3B33-4117-8765-91F3955EC90C}.Release|Any CPU.ActiveCfg = Release|Any CPU
		{3F9409BA-3B33-4117-8765-91F3955EC90C}.Release|Any CPU.Build.0 = Release|Any CPU
	EndGlobalSection
	GlobalSection(SolutionProperties) = preSolution
		HideSolutionNode = FALSE
	EndGlobalSection
	GlobalSection(ExtensibilityGlobals) = postSolution
		SolutionGuid = {8C154B26-242A-402F-9037-B391C4391742}
	EndGlobalSection
EndGlobal
